
Microsoft Visual Studio Solution File, Format Version 12.00
# Visual Studio Version 16
VisualStudioVersion = 16.0.30804.86
MinimumVisualStudioVersion = 10.0.40219.1
Project("{9A19103F-16F7-4668-BE54-9A1E7A4F7556}") = "Fcl.DiFramework", "Fcl.DiFramework\Fcl.DiFramework.csproj", "{AAFD28F2-CA4A-4DC7-B791-C311E760D99D}"
EndProject
Global
	GlobalSection(SolutionConfigurationPlatforms) = preSolution
		Debug|Any CPU = Debug|Any CPU
		Release|Any CPU = Release|Any CPU
	EndGlobalSection
	GlobalSection(ProjectConfigurationPlatforms) = postSolution
		{AAFD28F2-CA4A-4DC7-B791-C311E760D99D}.Debug|Any CPU.ActiveCfg = Debug|Any CPU
		{AAFD28F2-CA4A-4DC7-B791-C311E760D99D}.Debug|Any CPU.Build.0 = Debug|Any CPU
		{AAFD28F2-CA4A-4DC7-B791-C311E760D99D}.Release|Any CPU.ActiveCfg = Release|Any CPU
		{AAFD28F2-CA4A-4DC7-B791-C311E760D99D}.Release|Any CPU.Build.0 = Release|Any CPU
	EndGlobalSection
	GlobalSection(SolutionProperties) = preSolution
		HideSolutionNode = FALSE
	EndGlobalSection
	GlobalSection(ExtensibilityGlobals) = postSolution
		SolutionGuid = {185C6E73-B6BE-4F11-BC09-B41E2EDB189A}
	EndGlobalSection
EndGlobal
